// !$*UTF8*$!
{
	archiveVersion = 1;
	classes = {
	};
	objectVersion = 55;
	objects = {

/* Begin PBXBuildFile section */
		34B276872887AFEA005BE02D /* AppDelegate.swift in Sources */ = {isa = PBXBuildFile; fileRef = 34B276862887AFEA005BE02D /* AppDelegate.swift */; };
		34B276892887AFEB005BE02D /* SceneDelegate.swift in Sources */ = {isa = PBXBuildFile; fileRef = 34B276882887AFEB005BE02D /* SceneDelegate.swift */; };
		34B2768E2887AFEB005BE02D /* Main.storyboard in Resources */ = {isa = PBXBuildFile; fileRef = 34B2768C2887AFEB005BE02D /* Main.storyboard */; };
		34B276902887AFEC005BE02D /* Assets.xcassets in Resources */ = {isa = PBXBuildFile; fileRef = 34B2768F2887AFEC005BE02D /* Assets.xcassets */; };
		34B276932887AFEC005BE02D /* LaunchScreen.storyboard in Resources */ = {isa = PBXBuildFile; fileRef = 34B276912887AFEC005BE02D /* LaunchScreen.storyboard */; };
		34B2769C2887C64C005BE02D /* GoMobileDemoApp.xcframework in Frameworks */ = {isa = PBXBuildFile; fileRef = 34B2769B2887C64C005BE02D /* GoMobileDemoApp.xcframework */; };
		34B276A02887C832005BE02D /* GoMobileDemoApp.xcframework in Headers */ = {isa = PBXBuildFile; fileRef = 34B2769B2887C64C005BE02D /* GoMobileDemoApp.xcframework */; settings = {ATTRIBUTES = (Public, ); }; };
		34B276A42887CABF005BE02D /* ViewController.swift in Sources */ = {isa = PBXBuildFile; fileRef = 34B276A32887CABF005BE02D /* ViewController.swift */; };
		34B276A62887D628005BE02D /* SwiftSupportObserve.swift in Sources */ = {isa = PBXBuildFile; fileRef = 34B276A52887D628005BE02D /* SwiftSupportObserve.swift */; };
/* End PBXBuildFile section */

/* Begin PBXFileReference section */
		34B276832887AFEA005BE02D /* goMobileDemo01.app */ = {isa = PBXFileReference; explicitFileType = wrapper.application; includeInIndex = 0; path = goMobileDemo01.app; sourceTree = BUILT_PRODUCTS_DIR; };
		34B276862887AFEA005BE02D /* AppDelegate.swift */ = {isa = PBXFileReference; lastKnownFileType = sourcecode.swift; path = AppDelegate.swift; sourceTree = "<group>"; };
		34B276882887AFEB005BE02D /* SceneDelegate.swift */ = {isa = PBXFileReference; lastKnownFileType = sourcecode.swift; path = SceneDelegate.swift; sourceTree = "<group>"; };
		34B2768D2887AFEB005BE02D /* Base */ = {isa = PBXFileReference; lastKnownFileType = file.storyboard; name = Base; path = Base.lproj/Main.storyboard; sourceTree = "<group>"; };
		34B2768F2887AFEC005BE02D /* Assets.xcassets */ = {isa = PBXFileReference; lastKnownFileType = folder.assetcatalog; path = Assets.xcassets; sourceTree = "<group>"; };
		34B276922887AFEC005BE02D /* Base */ = {isa = PBXFileReference; lastKnownFileType = file.storyboard; name = Base; path = Base.lproj/LaunchScreen.storyboard; sourceTree = "<group>"; };
		34B276942887AFEC005BE02D /* Info.plist */ = {isa = PBXFileReference; lastKnownFileType = text.plist.xml; path = Info.plist; sourceTree = "<group>"; };
		34B2769B2887C64C005BE02D /* GoMobileDemoApp.xcframework */ = {isa = PBXFileReference; lastKnownFileType = wrapper.xcframework; name = GoMobileDemoApp.xcframework; path = frameworks/GoMobileDemoApp.xcframework; sourceTree = SOURCE_ROOT; };
		34B276A32887CABF005BE02D /* ViewController.swift */ = {isa = PBXFileReference; lastKnownFileType = sourcecode.swift; path = ViewController.swift; sourceTree = "<group>"; };
		34B276A52887D628005BE02D /* SwiftSupportObserve.swift */ = {isa = PBXFileReference; lastKnownFileType = sourcecode.swift; path = SwiftSupportObserve.swift; sourceTree = "<group>"; };
/* End PBXFileReference section */

/* Begin PBXFrameworksBuildPhase section */
		34B276802887AFEA005BE02D /* Frameworks */ = {
			isa = PBXFrameworksBuildPhase;
			buildActionMask = 2147483647;
			files = (
				34B2769C2887C64C005BE02D /* GoMobileDemoApp.xcframework in Frameworks */,
			);
			runOnlyForDeploymentPostprocessing = 0;
		};
/* End PBXFrameworksBuildPhase section */

/* Begin PBXGroup section */
		34B2767A2887AFEA005BE02D = {
			isa = PBXGroup;
			children = (
				34B2769A2887B07C005BE02D /* frameworks */,
				34B276852887AFEA005BE02D /* goMobileDemo01 */,
				34B276842887AFEA005BE02D /* Products */,
			);
			sourceTree = "<group>";
		};
		34B276842887AFEA005BE02D /* Products */ = {
			isa = PBXGroup;
			children = (
				34B276832887AFEA005BE02D /* goMobileDemo01.app */,
			);
			name = Products;
			sourceTree = "<group>";
		};
		34B276852887AFEA005BE02D /* goMobileDemo01 */ = {
			isa = PBXGroup;
			children = (
				34B276862887AFEA005BE02D /* AppDelegate.swift */,
				34B276882887AFEB005BE02D /* SceneDelegate.swift */,
				34B2768C2887AFEB005BE02D /* Main.storyboard */,
				34B2768F2887AFEC005BE02D /* Assets.xcassets */,
				34B276912887AFEC005BE02D /* LaunchScreen.storyboard */,
				34B276942887AFEC005BE02D /* Info.plist */,
				34B276A32887CABF005BE02D /* ViewController.swift */,
				34B276A52887D628005BE02D /* SwiftSupportObserve.swift */,
			);
			path = goMobileDemo01;
			sourceTree = "<group>";
		};
		34B2769A2887B07C005BE02D /* frameworks */ = {
			isa = PBXGroup;
			children = (
				34B2769B2887C64C005BE02D /* GoMobileDemoApp.xcframework */,
			);
			path = frameworks;
			sourceTree = "<group>";
		};
/* End PBXGroup section */

/* Begin PBXHeadersBuildPhase section */
		34B2769F2887C7FC005BE02D /* Headers */ = {
			isa = PBXHeadersBuildPhase;
			buildActionMask = 2147483647;
			files = (
				34B276A02887C832005BE02D /* GoMobileDemoApp.xcframework in Headers */,
			);
			runOnlyForDeploymentPostprocessing = 0;
		};
/* End PBXHeadersBuildPhase section */

/* Begin PBXNativeTarget section */
		34B276822887AFEA005BE02D /* goMobileDemo01 */ = {
			isa = PBXNativeTarget;
			buildConfigurationList = 34B276972887AFEC005BE02D /* Build configuration list for PBXNativeTarget "goMobileDemo01" */;
			buildPhases = (
				34B2769F2887C7FC005BE02D /* Headers */,
				34B2767F2887AFEA005BE02D /* Sources */,
				34B276802887AFEA005BE02D /* Frameworks */,
				34B276812887AFEA005BE02D /* Resources */,
			);
			buildRules = (
			);
			dependencies = (
			);
			name = goMobileDemo01;
			productName = goMobileDemo01;
			productReference = 34B276832887AFEA005BE02D /* goMobileDemo01.app */;
			productType = "com.apple.product-type.application";
		};
/* End PBXNativeTarget section */

/* Begin PBXProject section */
		34B2767B2887AFEA005BE02D /* Project object */ = {
			isa = PBXProject;
			attributes = {
				BuildIndependentTargetsInParallel = 1;
				LastSwiftUpdateCheck = 1340;
				LastUpgradeCheck = 1340;
				TargetAttributes = {
					34B276822887AFEA005BE02D = {
						CreatedOnToolsVersion = 13.4;
					};
				};
			};
			buildConfigurationList = 34B2767E2887AFEA005BE02D /* Build configuration list for PBXProject "goMobileDemo01" */;
			compatibilityVersion = "Xcode 13.0";
			developmentRegion = en;
			hasScannedForEncodings = 0;
			knownRegions = (
				en,
				Base,
			);
			mainGroup = 34B2767A2887AFEA005BE02D;
			productRefGroup = 34B276842887AFEA005BE02D /* Products */;
			projectDirPath = "";
			projectRoot = "";
			targets = (
				34B276822887AFEA005BE02D /* goMobileDemo01 */,
			);
		};
/* End PBXProject section */

/* Begin PBXResourcesBuildPhase section */
		34B276812887AFEA005BE02D /* Resources */ = {
			isa = PBXResourcesBuildPhase;
			buildActionMask = 2147483647;
			files = (
				34B276932887AFEC005BE02D /* LaunchScreen.storyboard in Resources */,
				34B276902887AFEC005BE02D /* Assets.xcassets in Resources */,
				34B2768E2887AFEB005BE02D /* Main.storyboard in Resources */,
			);
			runOnlyForDeploymentPostprocessing = 0;
		};
/* End PBXResourcesBuildPhase section */

/* Begin PBXSourcesBuildPhase section */
		34B2767F2887AFEA005BE02D /* Sources */ = {
			isa = PBXSourcesBuildPhase;
			buildActionMask = 2147483647;
			files = (
				34B276A62887D628005BE02D /* SwiftSupportObserve.swift in Sources */,
				34B276A42887CABF005BE02D /* ViewController.swift in Sources */,
				34B276872887AFEA005BE02D /* AppDelegate.swift in Sources */,
				34B276892887AFEB005BE02D /* SceneDelegate.swift in Sources */,
			);
			runOnlyForDeploymentPostprocessing = 0;
		};
/* End PBXSourcesBuildPhase section */

/* Begin PBXVariantGroup section */
		34B2768C2887AFEB005BE02D /* Main.storyboard */ = {
			isa = PBXVariantGroup;
			children = (
				34B2768D2887AFEB005BE02D /* Base */,
			);
			name = Main.storyboard;
			sourceTree = "<group>";
		};
		34B276912887AFEC005BE02D /* LaunchScreen.storyboard */ = {
			isa = PBXVariantGroup;
			children = (
				34B276922887AFEC005BE02D /* Base */,
			);
			name = LaunchScreen.storyboard;
			sourceTree = "<group>";
		};
/* End PBXVariantGroup section */

/* Begin XCBuildConfiguration section */
		34B276952887AFEC005BE02D /* Debug */ = {
			isa = XCBuildConfiguration;
			buildSettings = {
				ALWAYS_SEARCH_USER_PATHS = NO;
				CLANG_ANALYZER_NONNULL = YES;
				CLANG_ANALYZER_NUMBER_OBJECT_CONVERSION = YES_AGGRESSIVE;
				CLANG_CXX_LANGUAGE_STANDARD = "gnu++17";
				CLANG_ENABLE_MODULES = YES;
				CLANG_ENABLE_OBJC_ARC = YES;
				CLANG_ENABLE_OBJC_WEAK = YES;
				CLANG_WARN_BLOCK_CAPTURE_AUTORELEASING = YES;
				CLANG_WARN_BOOL_CONVERSION = YES;
				CLANG_WARN_COMMA = YES;
				CLANG_WARN_CONSTANT_CONVERSION = YES;
				CLANG_WARN_DEPRECATED_OBJC_IMPLEMENTATIONS = YES;
				CLANG_WARN_DIRECT_OBJC_ISA_USAGE = YES_ERROR;
				CLANG_WARN_DOCUMENTATION_COMMENTS = YES;
				CLANG_WARN_EMPTY_BODY = YES;
				CLANG_WARN_ENUM_CONVERSION = YES;
				CLANG_WARN_INFINITE_RECURSION = YES;
				CLANG_WARN_INT_CONVERSION = YES;
				CLANG_WARN_NON_LITERAL_NULL_CONVERSION = YES;
				CLANG_WARN_OBJC_IMPLICIT_RETAIN_SELF = YES;
				CLANG_WARN_OBJC_LITERAL_CONVERSION = YES;
				CLANG_WARN_OBJC_ROOT_CLASS = YES_ERROR;
				CLANG_WARN_QUOTED_INCLUDE_IN_FRAMEWORK_HEADER = YES;
				CLANG_WARN_RANGE_LOOP_ANALYSIS = YES;
				CLANG_WARN_STRICT_PROTOTYPES = YES;
				CLANG_WARN_SUSPICIOUS_MOVE = YES;
				CLANG_WARN_UNGUARDED_AVAILABILITY = YES_AGGRESSIVE;
				CLANG_WARN_UNREACHABLE_CODE = YES;
				CLANG_WARN__DUPLICATE_METHOD_MATCH = YES;
				COPY_PHASE_STRIP = NO;
				DEBUG_INFORMATION_FORMAT = dwarf;
				ENABLE_STRICT_OBJC_MSGSEND = YES;
				ENABLE_TESTABILITY = YES;
				FRAMEWORK_SEARCH_PATHS = "";
				GCC_C_LANGUAGE_STANDARD = gnu11;
				GCC_DYNAMIC_NO_PIC = NO;
				GCC_NO_COMMON_BLOCKS = YES;
				GCC_OPTIMIZATION_LEVEL = 0;
				GCC_PREPROCESSOR_DEFINITIONS = (
					"DEBUG=1",
					"$(inherited)",
				);
				GCC_WARN_64_TO_32_BIT_CONVERSION = YES;
				GCC_WARN_ABOUT_RETURN_TYPE = YES_ERROR;
				GCC_WARN_UNDECLARED_SELECTOR = YES;
				GCC_WARN_UNINITIALIZED_AUTOS = YES_AGGRESSIVE;
				GCC_WARN_UNUSED_FUNCTION = YES;
				GCC_WARN_UNUSED_VARIABLE = YES;
				IPHONEOS_DEPLOYMENT_TARGET = 13.2;
				MTL_ENABLE_DEBUG_INFO = INCLUDE_SOURCE;
				MTL_FAST_MATH = YES;
				ONLY_ACTIVE_ARCH = YES;
				SDKROOT = iphoneos;
				SWIFT_ACTIVE_COMPILATION_CONDITIONS = DEBUG;
				SWIFT_OPTIMIZATION_LEVEL = "-Onone";
			};
			name = Debug;
		};
		34B276962887AFEC005BE02D /* Release */ = {
			isa = XCBuildConfiguration;
			buildSettings = {
				ALWAYS_SEARCH_USER_PATHS = NO;
				CLANG_ANALYZER_NONNULL = YES;
				CLANG_ANALYZER_NUMBER_OBJECT_CONVERSION = YES_AGGRESSIVE;
				CLANG_CXX_LANGUAGE_STANDARD = "gnu++17";
				CLANG_ENABLE_MODULES = YES;
				CLANG_ENABLE_OBJC_ARC = YES;
				CLANG_ENABLE_OBJC_WEAK = YES;
				CLANG_WARN_BLOCK_CAPTURE_AUTORELEASING = YES;
				CLANG_WARN_BOOL_CONVERSION = YES;
				CLANG_WARN_COMMA = YES;
				CLANG_WARN_CONSTANT_CONVERSION = YES;
				CLANG_WARN_DEPRECATED_OBJC_IMPLEMENTATIONS = YES;
				CLANG_WARN_DIRECT_OBJC_ISA_USAGE = YES_ERROR;
				CLANG_WARN_DOCUMENTATION_COMMENTS = YES;
				CLANG_WARN_EMPTY_BODY = YES;
				CLANG_WARN_ENUM_CONVERSION = YES;
				CLANG_WARN_INFINITE_RECURSION = YES;
				CLANG_WARN_INT_CONVERSION = YES;
				CLANG_WARN_NON_LITERAL_NULL_CONVERSION = YES;
				CLANG_WARN_OBJC_IMPLICIT_RETAIN_SELF = YES;
				CLANG_WARN_OBJC_LITERAL_CONVERSION = YES;
				CLANG_WARN_OBJC_ROOT_CLASS = YES_ERROR;
				CLANG_WARN_QUOTED_INCLUDE_IN_FRAMEWORK_HEADER = YES;
				CLANG_WARN_RANGE_LOOP_ANALYSIS = YES;
				CLANG_WARN_STRICT_PROTOTYPES = YES;
				CLANG_WARN_SUSPICIOUS_MOVE = YES;
				CLANG_WARN_UNGUARDED_AVAILABILITY = YES_AGGRESSIVE;
				CLANG_WARN_UNREACHABLE_CODE = YES;
				CLANG_WARN__DUPLICATE_METHOD_MATCH = YES;
				COPY_PHASE_STRIP = NO;
				DEBUG_INFORMATION_FORMAT = "dwarf-with-dsym";
				ENABLE_NS_ASSERTIONS = NO;
				ENABLE_STRICT_OBJC_MSGSEND = YES;
				FRAMEWORK_SEARCH_PATHS = "";
				GCC_C_LANGUAGE_STANDARD = gnu11;
				GCC_NO_COMMON_BLOCKS = YES;
				GCC_WARN_64_TO_32_BIT_CONVERSION = YES;
				GCC_WARN_ABOUT_RETURN_TYPE = YES_ERROR;
				GCC_WARN_UNDECLARED_SELECTOR = YES;
				GCC_WARN_UNINITIALIZED_AUTOS = YES_AGGRESSIVE;
				GCC_WARN_UNUSED_FUNCTION = YES;
				GCC_WARN_UNUSED_VARIABLE = YES;
				IPHONEOS_DEPLOYMENT_TARGET = 13.2;
				MTL_ENABLE_DEBUG_INFO = NO;
				MTL_FAST_MATH = YES;
				SDKROOT = iphoneos;
				SWIFT_COMPILATION_MODE = wholemodule;
				SWIFT_OPTIMIZATION_LEVEL = "-O";
				VALIDATE_PRODUCT = YES;
			};
			name = Release;
		};
		34B276982887AFEC005BE02D /* Debug */ = {
			isa = XCBuildConfiguration;
			buildSettings = {
				ASSETCATALOG_COMPILER_APPICON_NAME = AppIcon;
				ASSETCATALOG_COMPILER_GLOBAL_ACCENT_COLOR_NAME = AccentColor;
				CODE_SIGN_STYLE = Automatic;
				CURRENT_PROJECT_VERSION = 1;
				DEVELOPMENT_TEAM = HRKZ3529S5;
				ENABLE_BITCODE = NO;
				FRAMEWORK_SEARCH_PATHS = "./frameworks/**";
				GENERATE_INFOPLIST_FILE = YES;
				INFOPLIST_FILE = goMobileDemo01/Info.plist;
				INFOPLIST_KEY_UIApplicationSupportsIndirectInputEvents = YES;
				INFOPLIST_KEY_UILaunchStoryboardName = LaunchScreen;
				INFOPLIST_KEY_UIMainStoryboardFile = Main;
				INFOPLIST_KEY_UISupportedInterfaceOrientations_iPad = "UIInterfaceOrientationPortrait UIInterfaceOrientationPortraitUpsideDown UIInterfaceOrientationLandscapeLeft UIInterfaceOrientationLandscapeRight";
				INFOPLIST_KEY_UISupportedInterfaceOrientations_iPhone = "UIInterfaceOrientationPortrait UIInterfaceOrientationLandscapeLeft UIInterfaceOrientationLandscapeRight";
				LD_RUNPATH_SEARCH_PATHS = (
					"$(inherited)",
					"@executable_path/Frameworks",
				);
				MARKETING_VERSION = 1.0;
				PRODUCT_BUNDLE_IDENTIFIER = com.zmide.goMobileDemo01;
				PRODUCT_NAME = "$(TARGET_NAME)";
				SWIFT_EMIT_LOC_STRINGS = YES;
				SWIFT_VERSION = 5.0;
				TARGETED_DEVICE_FAMILY = "1,2";
			};
			name = Debug;
		};
		34B276992887AFEC005BE02D /* Release */ = {
			isa = XCBuildConfiguration;
			buildSettings = {
				ASSETCATALOG_COMPILER_APPICON_NAME = AppIcon;
				ASSETCATALOG_COMPILER_GLOBAL_ACCENT_COLOR_NAME = AccentColor;
				CODE_SIGN_STYLE = Automatic;
				CURRENT_PROJECT_VERSION = 1;
				DEVELOPMENT_TEAM = HRKZ3529S5;
				ENABLE_BITCODE = NO;
				FRAMEWORK_SEARCH_PATHS = "./frameworks/**";
				GENERATE_INFOPLIST_FILE = YES;
				INFOPLIST_FILE = goMobileDemo01/Info.plist;
				INFOPLIST_KEY_UIApplicationSupportsIndirectInputEvents = YES;
				INFOPLIST_KEY_UILaunchStoryboardName = LaunchScreen;
				INFOPLIST_KEY_UIMainStoryboardFile = Main;
				INFOPLIST_KEY_UISupportedInterfaceOrientations_iPad = "UIInterfaceOrientationPortrait UIInterfaceOrientationPortraitUpsideDown UIInterfaceOrientationLandscapeLeft UIInterfaceOrientationLandscapeRight";
				INFOPLIST_KEY_UISupportedInterfaceOrientations_iPhone = "UIInterfaceOrientationPortrait UIInterfaceOrientationLandscapeLeft UIInterfaceOrientationLandscapeRight";
				LD_RUNPATH_SEARCH_PATHS = (
					"$(inherited)",
					"@executable_path/Frameworks",
				);
				MARKETING_VERSION = 1.0;
				PRODUCT_BUNDLE_IDENTIFIER = com.zmide.goMobileDemo01;
				PRODUCT_NAME = "$(TARGET_NAME)";
				SWIFT_EMIT_LOC_STRINGS = YES;
				SWIFT_VERSION = 5.0;
				TARGETED_DEVICE_FAMILY = "1,2";
			};
			name = Release;
		};
/* End XCBuildConfiguration section */

/* Begin XCConfigurationList section */
		34B2767E2887AFEA005BE02D /* Build configuration list for PBXProject "goMobileDemo01" */ = {
			isa = XCConfigurationList;
			buildConfigurations = (
				34B276952887AFEC005BE02D /* Debug */,
				34B276962887AFEC005BE02D /* Release */,
			);
			defaultConfigurationIsVisible = 0;
			defaultConfigurationName = Release;
		};
		34B276972887AFEC005BE02D /* Build configuration list for PBXNativeTarget "goMobileDemo01" */ = {
			isa = XCConfigurationList;
			buildConfigurations = (
				34B276982887AFEC005BE02D /* Debug */,
				34B276992887AFEC005BE02D /* Release */,
			);
			defaultConfigurationIsVisible = 0;
			defaultConfigurationName = Release;
		};
/* End XCConfigurationList section */
	};
	rootObject = 34B2767B2887AFEA005BE02D /* Project object */;
}
